
Microsoft Visual Studio Solution File, Format Version 12.00
# Visual Studio 15
VisualStudioVersion = 15.0.27703.2035
MinimumVisualStudioVersion = 10.0.40219.1
Project("{FAE04EC0-301F-11D3-BF4B-00C04F79EFBC}") = "CreditCalc", "CreditCalc\CreditCalc.csproj", "{3249069F-F242-4721-AB6E-32E391075A78}"
EndProject
Global
	GlobalSection(SolutionConfigurationPlatforms) = preSolution
		Debug|Any CPU = Debug|Any CPU
		Release|Any CPU = Release|Any CPU
	EndGlobalSection
	GlobalSection(ProjectConfigurationPlatforms) = postSolution
		{3249069F-F242-4721-AB6E-32E391075A78}.Debug|Any CPU.ActiveCfg = Debug|Any CPU
		{3249069F-F242-4721-AB6E-32E391075A78}.Debug|Any CPU.Build.0 = Debug|Any CPU
		{3249069F-F242-4721-AB6E-32E391075A78}.Release|Any CPU.ActiveCfg = Release|Any CPU
		{3249069F-F242-4721-AB6E-32E391075A78}.Release|Any CPU.Build.0 = Release|Any CPU
	EndGlobalSection
	GlobalSection(SolutionProperties) = preSolution
		HideSolutionNode = FALSE
	EndGlobalSection
	GlobalSection(ExtensibilityGlobals) = postSolution
		SolutionGuid = {BEAE114E-91AF-4D76-B2FA-3086C065342D}
	EndGlobalSection
EndGlobal
